
Microsoft Visual Studio Solution File, Format Version 12.00
Project("{FAE04EC0-301F-11D3-BF4B-00C04F79EFBC}") = "BigFilesUtils", "src\BigFilesUtils\BigFilesUtils.csproj", "{436DACCE-6700-41EE-B856-FEF6C27818C9}"
EndProject
Project("{FAE04EC0-301F-11D3-BF4B-00C04F79EFBC}") = "BigFilesUtils.Tests", "src\BigFilesUtils.Tests\BigFilesUtils.Tests.csproj", "{1460D165-E5AD-4C75-BB86-CFF39FCE7DC7}"
EndProject
Project("{2150E333-8FDC-42A3-9474-1A3956D46DE8}") = ".scripts", ".scripts", "{463463E6-E544-4C0C-880C-B09EA7379390}"
	ProjectSection(SolutionItems) = preProject
		.scripts\generate_plot.R = .scripts\generate_plot.R
	EndProjectSection
EndProject
Global
	GlobalSection(SolutionConfigurationPlatforms) = preSolution
		Debug|Any CPU = Debug|Any CPU
		Release|Any CPU = Release|Any CPU
	EndGlobalSection
	GlobalSection(ProjectConfigurationPlatforms) = postSolution
		{436DACCE-6700-41EE-B856-FEF6C27818C9}.Debug|Any CPU.ActiveCfg = Debug|Any CPU
		{436DACCE-6700-41EE-B856-FEF6C27818C9}.Debug|Any CPU.Build.0 = Debug|Any CPU
		{436DACCE-6700-41EE-B856-FEF6C27818C9}.Release|Any CPU.ActiveCfg = Release|Any CPU
		{436DACCE-6700-41EE-B856-FEF6C27818C9}.Release|Any CPU.Build.0 = Release|Any CPU
		{1460D165-E5AD-4C75-BB86-CFF39FCE7DC7}.Debug|Any CPU.ActiveCfg = Debug|Any CPU
		{1460D165-E5AD-4C75-BB86-CFF39FCE7DC7}.Debug|Any CPU.Build.0 = Debug|Any CPU
		{1460D165-E5AD-4C75-BB86-CFF39FCE7DC7}.Release|Any CPU.ActiveCfg = Release|Any CPU
		{1460D165-E5AD-4C75-BB86-CFF39FCE7DC7}.Release|Any CPU.Build.0 = Release|Any CPU
	EndGlobalSection
EndGlobal
